
Microsoft Visual Studio Solution File, Format Version 12.00
# Visual Studio Version 17
VisualStudioVersion = 17.5.002.0
MinimumVisualStudioVersion = 10.0.40219.1
Project("{9A19103F-16F7-4668-BE54-9A1E7A4F7556}") = "solid-principles", "solid-principles\solid-principles.csproj", "{BB621AEA-58FA-46D5-815D-04A0E62709BD}"
EndProject
Project("{2150E333-8FDC-42A3-9474-1A3956D46DE8}") = "data-structures", "data-structures", "{7CAF2AA9-1E5D-4CAF-A71A-820399E2F563}"
EndProject
Project("{9A19103F-16F7-4668-BE54-9A1E7A4F7556}") = "tree", "data-structures\tree\tree.csproj", "{C5FD69D0-41B8-4929-9A59-2C3A5FF65B54}"
EndProject
Project("{9A19103F-16F7-4668-BE54-9A1E7A4F7556}") = "linkedlist", "data-structures\linkedlist\linkedlist.csproj", "{FF9C6D29-F054-4694-9A99-FF3286272A78}"
EndProject
Project("{9A19103F-16F7-4668-BE54-9A1E7A4F7556}") = "binary-tree", "data-structures\binary-tree\binary-tree.csproj", "{A53D67F2-35B4-4B44-8C70-16671907D01D}"
EndProject
Project("{9A19103F-16F7-4668-BE54-9A1E7A4F7556}") = "graph", "data-structures\graph\graph.csproj", "{F6F6AC50-BF04-4D48-917A-9DE63EC37A5F}"
EndProject
Project("{9A19103F-16F7-4668-BE54-9A1E7A4F7556}") = "hashing", "data-structures\hashing\hashing.csproj", "{F2D31D9F-AC8D-4534-8BCB-C11FCAAC1D29}"
EndProject
Project("{9A19103F-16F7-4668-BE54-9A1E7A4F7556}") = "trie", "data-structures\trie\trie.csproj", "{02FB3052-4682-40F7-8D73-87F05C47CAD5}"
EndProject
Project("{9A19103F-16F7-4668-BE54-9A1E7A4F7556}") = "heap", "data-structures\heap\heap.csproj", "{160586B6-5FC6-46E6-86C2-611654DC66F2}"
EndProject
Project("{9A19103F-16F7-4668-BE54-9A1E7A4F7556}") = "queue", "data-structures\queue\queue.csproj", "{3C7AB651-C541-4985-A13A-BE8089AD4BF6}"
EndProject
Project("{9A19103F-16F7-4668-BE54-9A1E7A4F7556}") = "stack", "data-structures\stack\stack.csproj", "{11984347-E26D-4B84-8C2F-09EAE5BDB116}"
EndProject
Project("{2150E333-8FDC-42A3-9474-1A3956D46DE8}") = "searching", "searching", "{570C2554-36DC-4DB9-87DF-A6677A822B64}"
EndProject
Project("{9A19103F-16F7-4668-BE54-9A1E7A4F7556}") = "linear-search", "searching\linear-search\linear-search.csproj", "{620657DC-2FBD-4462-9033-343F1FD1108E}"
EndProject
Project("{9A19103F-16F7-4668-BE54-9A1E7A4F7556}") = "binary-search", "searching\binary-search\binary-search.csproj", "{AB33DB98-8C85-4C20-9782-597816D6DB4B}"
EndProject
Project("{2150E333-8FDC-42A3-9474-1A3956D46DE8}") = "design-patterns", "design-patterns", "{BC818C1F-DE42-4BBF-852F-57BD096267CE}"
EndProject
Project("{9A19103F-16F7-4668-BE54-9A1E7A4F7556}") = "creational", "design-patterns\creational\creational.csproj", "{C8B89B65-8596-4E80-A9C7-880850774714}"
EndProject
Project("{9A19103F-16F7-4668-BE54-9A1E7A4F7556}") = "behavioral", "design-patterns\behavioral\behavioral.csproj", "{859664FB-81E8-4A3B-9B10-6B93F49D7E60}"
EndProject
Project("{9A19103F-16F7-4668-BE54-9A1E7A4F7556}") = "structural", "design-patterns\structural\structural.csproj", "{07B72826-F49E-47D8-BB3E-971704BFE86E}"
EndProject
Project("{2150E333-8FDC-42A3-9474-1A3956D46DE8}") = "sorting", "sorting", "{BFA091ED-6B5A-487E-AFAC-AE21700C40BE}"
EndProject
Project("{9A19103F-16F7-4668-BE54-9A1E7A4F7556}") = "selection-sort", "sorting\selection-sort\selection-sort.csproj", "{737487A3-5555-4704-88F8-9E0340C8B718}"
EndProject
Project("{9A19103F-16F7-4668-BE54-9A1E7A4F7556}") = "quick-sort", "sorting\quick-sort\quick-sort.csproj", "{36FB3D61-8565-49D9-9EFF-8EC901DC4BDA}"
EndProject
Project("{9A19103F-16F7-4668-BE54-9A1E7A4F7556}") = "merge-sort", "sorting\merge-sort\merge-sort.csproj", "{A7F60BF3-8597-47D7-889C-A9FB4FE894FB}"
EndProject
Project("{9A19103F-16F7-4668-BE54-9A1E7A4F7556}") = "insertion-sort", "sorting\insertion-sort\insertion-sort.csproj", "{B34B066F-B9C1-4FEA-B9E9-90F2E5BEB71F}"
EndProject
Project("{9A19103F-16F7-4668-BE54-9A1E7A4F7556}") = "bubble-sort", "sorting\bubble-sort\bubble-sort.csproj", "{88D01F52-DFAC-476A-A6C2-987218D54306}"
EndProject
Project("{9A19103F-16F7-4668-BE54-9A1E7A4F7556}") = "heap-sort", "sorting\heap-sort\heap-sort.csproj", "{95F44EA5-CAE7-476B-A29B-9060DE3F03E3}"
EndProject
Global
	GlobalSection(SolutionConfigurationPlatforms) = preSolution
		Debug|Any CPU = Debug|Any CPU
		Release|Any CPU = Release|Any CPU
	EndGlobalSection
	GlobalSection(ProjectConfigurationPlatforms) = postSolution
		{BB621AEA-58FA-46D5-815D-04A0E62709BD}.Debug|Any CPU.ActiveCfg = Debug|Any CPU
		{BB621AEA-58FA-46D5-815D-04A0E62709BD}.Debug|Any CPU.Build.0 = Debug|Any CPU
		{BB621AEA-58FA-46D5-815D-04A0E62709BD}.Release|Any CPU.ActiveCfg = Release|Any CPU
		{BB621AEA-58FA-46D5-815D-04A0E62709BD}.Release|Any CPU.Build.0 = Release|Any CPU
		{C5FD69D0-41B8-4929-9A59-2C3A5FF65B54}.Debug|Any CPU.ActiveCfg = Debug|Any CPU
		{C5FD69D0-41B8-4929-9A59-2C3A5FF65B54}.Debug|Any CPU.Build.0 = Debug|Any CPU
		{C5FD69D0-41B8-4929-9A59-2C3A5FF65B54}.Release|Any CPU.ActiveCfg = Release|Any CPU
		{C5FD69D0-41B8-4929-9A59-2C3A5FF65B54}.Release|Any CPU.Build.0 = Release|Any CPU
		{FF9C6D29-F054-4694-9A99-FF3286272A78}.Debug|Any CPU.ActiveCfg = Debug|Any CPU
		{FF9C6D29-F054-4694-9A99-FF3286272A78}.Debug|Any CPU.Build.0 = Debug|Any CPU
		{FF9C6D29-F054-4694-9A99-FF3286272A78}.Release|Any CPU.ActiveCfg = Release|Any CPU
		{FF9C6D29-F054-4694-9A99-FF3286272A78}.Release|Any CPU.Build.0 = Release|Any CPU
		{A53D67F2-35B4-4B44-8C70-16671907D01D}.Debug|Any CPU.ActiveCfg = Debug|Any CPU
		{A53D67F2-35B4-4B44-8C70-16671907D01D}.Debug|Any CPU.Build.0 = Debug|Any CPU
		{A53D67F2-35B4-4B44-8C70-16671907D01D}.Release|Any CPU.ActiveCfg = Release|Any CPU
		{A53D67F2-35B4-4B44-8C70-16671907D01D}.Release|Any CPU.Build.0 = Release|Any CPU
		{F6F6AC50-BF04-4D48-917A-9DE63EC37A5F}.Debug|Any CPU.ActiveCfg = Debug|Any CPU
		{F6F6AC50-BF04-4D48-917A-9DE63EC37A5F}.Debug|Any CPU.Build.0 = Debug|Any CPU
		{F6F6AC50-BF04-4D48-917A-9DE63EC37A5F}.Release|Any CPU.ActiveCfg = Release|Any CPU
		{F6F6AC50-BF04-4D48-917A-9DE63EC37A5F}.Release|Any CPU.Build.0 = Release|Any CPU
		{F2D31D9F-AC8D-4534-8BCB-C11FCAAC1D29}.Debug|Any CPU.ActiveCfg = Debug|Any CPU
		{F2D31D9F-AC8D-4534-8BCB-C11FCAAC1D29}.Debug|Any CPU.Build.0 = Debug|Any CPU
		{F2D31D9F-AC8D-4534-8BCB-C11FCAAC1D29}.Release|Any CPU.ActiveCfg = Release|Any CPU
		{F2D31D9F-AC8D-4534-8BCB-C11FCAAC1D29}.Release|Any CPU.Build.0 = Release|Any CPU
		{02FB3052-4682-40F7-8D73-87F05C47CAD5}.Debug|Any CPU.ActiveCfg = Debug|Any CPU
		{02FB3052-4682-40F7-8D73-87F05C47CAD5}.Debug|Any CPU.Build.0 = Debug|Any CPU
		{02FB3052-4682-40F7-8D73-87F05C47CAD5}.Release|Any CPU.ActiveCfg = Release|Any CPU
		{02FB3052-4682-40F7-8D73-87F05C47CAD5}.Release|Any CPU.Build.0 = Release|Any CPU
		{160586B6-5FC6-46E6-86C2-611654DC66F2}.Debug|Any CPU.ActiveCfg = Debug|Any CPU
		{160586B6-5FC6-46E6-86C2-611654DC66F2}.Debug|Any CPU.Build.0 = Debug|Any CPU
		{160586B6-5FC6-46E6-86C2-611654DC66F2}.Release|Any CPU.ActiveCfg = Release|Any CPU
		{160586B6-5FC6-46E6-86C2-611654DC66F2}.Release|Any CPU.Build.0 = Release|Any CPU
		{3C7AB651-C541-4985-A13A-BE8089AD4BF6}.Debug|Any CPU.ActiveCfg = Debug|Any CPU
		{3C7AB651-C541-4985-A13A-BE8089AD4BF6}.Debug|Any CPU.Build.0 = Debug|Any CPU
		{3C7AB651-C541-4985-A13A-BE8089AD4BF6}.Release|Any CPU.ActiveCfg = Release|Any CPU
		{3C7AB651-C541-4985-A13A-BE8089AD4BF6}.Release|Any CPU.Build.0 = Release|Any CPU
		{11984347-E26D-4B84-8C2F-09EAE5BDB116}.Debug|Any CPU.ActiveCfg = Debug|Any CPU
		{11984347-E26D-4B84-8C2F-09EAE5BDB116}.Debug|Any CPU.Build.0 = Debug|Any CPU
		{11984347-E26D-4B84-8C2F-09EAE5BDB116}.Release|Any CPU.ActiveCfg = Release|Any CPU
		{11984347-E26D-4B84-8C2F-09EAE5BDB116}.Release|Any CPU.Build.0 = Release|Any CPU
		{620657DC-2FBD-4462-9033-343F1FD1108E}.Debug|Any CPU.ActiveCfg = Debug|Any CPU
		{620657DC-2FBD-4462-9033-343F1FD1108E}.Debug|Any CPU.Build.0 = Debug|Any CPU
		{620657DC-2FBD-4462-9033-343F1FD1108E}.Release|Any CPU.ActiveCfg = Release|Any CPU
		{620657DC-2FBD-4462-9033-343F1FD1108E}.Release|Any CPU.Build.0 = Release|Any CPU
		{AB33DB98-8C85-4C20-9782-597816D6DB4B}.Debug|Any CPU.ActiveCfg = Debug|Any CPU
		{AB33DB98-8C85-4C20-9782-597816D6DB4B}.Debug|Any CPU.Build.0 = Debug|Any CPU
		{AB33DB98-8C85-4C20-9782-597816D6DB4B}.Release|Any CPU.ActiveCfg = Release|Any CPU
		{AB33DB98-8C85-4C20-9782-597816D6DB4B}.Release|Any CPU.Build.0 = Release|Any CPU
		{C8B89B65-8596-4E80-A9C7-880850774714}.Debug|Any CPU.ActiveCfg = Debug|Any CPU
		{C8B89B65-8596-4E80-A9C7-880850774714}.Debug|Any CPU.Build.0 = Debug|Any CPU
		{C8B89B65-8596-4E80-A9C7-880850774714}.Release|Any CPU.ActiveCfg = Release|Any CPU
		{C8B89B65-8596-4E80-A9C7-880850774714}.Release|Any CPU.Build.0 = Release|Any CPU
		{859664FB-81E8-4A3B-9B10-6B93F49D7E60}.Debug|Any CPU.ActiveCfg = Debug|Any CPU
		{859664FB-81E8-4A3B-9B10-6B93F49D7E60}.Debug|Any CPU.Build.0 = Debug|Any CPU
		{859664FB-81E8-4A3B-9B10-6B93F49D7E60}.Release|Any CPU.ActiveCfg = Release|Any CPU
		{859664FB-81E8-4A3B-9B10-6B93F49D7E60}.Release|Any CPU.Build.0 = Release|Any CPU
		{07B72826-F49E-47D8-BB3E-971704BFE86E}.Debug|Any CPU.ActiveCfg = Debug|Any CPU
		{07B72826-F49E-47D8-BB3E-971704BFE86E}.Debug|Any CPU.Build.0 = Debug|Any CPU
		{07B72826-F49E-47D8-BB3E-971704BFE86E}.Release|Any CPU.ActiveCfg = Release|Any CPU
		{07B72826-F49E-47D8-BB3E-971704BFE86E}.Release|Any CPU.Build.0 = Release|Any CPU
		{737487A3-5555-4704-88F8-9E0340C8B718}.Debug|Any CPU.ActiveCfg = Debug|Any CPU
		{737487A3-5555-4704-88F8-9E0340C8B718}.Debug|Any CPU.Build.0 = Debug|Any CPU
		{737487A3-5555-4704-88F8-9E0340C8B718}.Release|Any CPU.ActiveCfg = Release|Any CPU
		{737487A3-5555-4704-88F8-9E0340C8B718}.Release|Any CPU.Build.0 = Release|Any CPU
		{36FB3D61-8565-49D9-9EFF-8EC901DC4BDA}.Debug|Any CPU.ActiveCfg = Debug|Any CPU
		{36FB3D61-8565-49D9-9EFF-8EC901DC4BDA}.Debug|Any CPU.Build.0 = Debug|Any CPU
		{36FB3D61-8565-49D9-9EFF-8EC901DC4BDA}.Release|Any CPU.ActiveCfg = Release|Any CPU
		{36FB3D61-8565-49D9-9EFF-8EC901DC4BDA}.Release|Any CPU.Build.0 = Release|Any CPU
		{A7F60BF3-8597-47D7-889C-A9FB4FE894FB}.Debug|Any CPU.ActiveCfg = Debug|Any CPU
		{A7F60BF3-8597-47D7-889C-A9FB4FE894FB}.Debug|Any CPU.Build.0 = Debug|Any CPU
		{A7F60BF3-8597-47D7-889C-A9FB4FE894FB}.Release|Any CPU.ActiveCfg = Release|Any CPU
		{A7F60BF3-8597-47D7-889C-A9FB4FE894FB}.Release|Any CPU.Build.0 = Release|Any CPU
		{B34B066F-B9C1-4FEA-B9E9-90F2E5BEB71F}.Debug|Any CPU.ActiveCfg = Debug|Any CPU
		{B34B066F-B9C1-4FEA-B9E9-90F2E5BEB71F}.Debug|Any CPU.Build.0 = Debug|Any CPU
		{B34B066F-B9C1-4FEA-B9E9-90F2E5BEB71F}.Release|Any CPU.ActiveCfg = Release|Any CPU
		{B34B066F-B9C1-4FEA-B9E9-90F2E5BEB71F}.Release|Any CPU.Build.0 = Release|Any CPU
		{88D01F52-DFAC-476A-A6C2-987218D54306}.Debug|Any CPU.ActiveCfg = Debug|Any CPU
		{88D01F52-DFAC-476A-A6C2-987218D54306}.Debug|Any CPU.Build.0 = Debug|Any CPU
		{88D01F52-DFAC-476A-A6C2-987218D54306}.Release|Any CPU.ActiveCfg = Release|Any CPU
		{88D01F52-DFAC-476A-A6C2-987218D54306}.Release|Any CPU.Build.0 = Release|Any CPU
		{95F44EA5-CAE7-476B-A29B-9060DE3F03E3}.Debug|Any CPU.ActiveCfg = Debug|Any CPU
		{95F44EA5-CAE7-476B-A29B-9060DE3F03E3}.Debug|Any CPU.Build.0 = Debug|Any CPU
		{95F44EA5-CAE7-476B-A29B-9060DE3F03E3}.Release|Any CPU.ActiveCfg = Release|Any CPU
		{95F44EA5-CAE7-476B-A29B-9060DE3F03E3}.Release|Any CPU.Build.0 = Release|Any CPU
	EndGlobalSection
	GlobalSection(SolutionProperties) = preSolution
		HideSolutionNode = FALSE
	EndGlobalSection
	GlobalSection(NestedProjects) = preSolution
		{C5FD69D0-41B8-4929-9A59-2C3A5FF65B54} = {7CAF2AA9-1E5D-4CAF-A71A-820399E2F563}
		{FF9C6D29-F054-4694-9A99-FF3286272A78} = {7CAF2AA9-1E5D-4CAF-A71A-820399E2F563}
		{A53D67F2-35B4-4B44-8C70-16671907D01D} = {7CAF2AA9-1E5D-4CAF-A71A-820399E2F563}
		{F6F6AC50-BF04-4D48-917A-9DE63EC37A5F} = {7CAF2AA9-1E5D-4CAF-A71A-820399E2F563}
		{F2D31D9F-AC8D-4534-8BCB-C11FCAAC1D29} = {7CAF2AA9-1E5D-4CAF-A71A-820399E2F563}
		{02FB3052-4682-40F7-8D73-87F05C47CAD5} = {7CAF2AA9-1E5D-4CAF-A71A-820399E2F563}
		{160586B6-5FC6-46E6-86C2-611654DC66F2} = {7CAF2AA9-1E5D-4CAF-A71A-820399E2F563}
		{3C7AB651-C541-4985-A13A-BE8089AD4BF6} = {7CAF2AA9-1E5D-4CAF-A71A-820399E2F563}
		{11984347-E26D-4B84-8C2F-09EAE5BDB116} = {7CAF2AA9-1E5D-4CAF-A71A-820399E2F563}
		{620657DC-2FBD-4462-9033-343F1FD1108E} = {570C2554-36DC-4DB9-87DF-A6677A822B64}
		{AB33DB98-8C85-4C20-9782-597816D6DB4B} = {570C2554-36DC-4DB9-87DF-A6677A822B64}
		{C8B89B65-8596-4E80-A9C7-880850774714} = {BC818C1F-DE42-4BBF-852F-57BD096267CE}
		{859664FB-81E8-4A3B-9B10-6B93F49D7E60} = {BC818C1F-DE42-4BBF-852F-57BD096267CE}
		{07B72826-F49E-47D8-BB3E-971704BFE86E} = {BC818C1F-DE42-4BBF-852F-57BD096267CE}
		{737487A3-5555-4704-88F8-9E0340C8B718} = {BFA091ED-6B5A-487E-AFAC-AE21700C40BE}
		{36FB3D61-8565-49D9-9EFF-8EC901DC4BDA} = {BFA091ED-6B5A-487E-AFAC-AE21700C40BE}
		{A7F60BF3-8597-47D7-889C-A9FB4FE894FB} = {BFA091ED-6B5A-487E-AFAC-AE21700C40BE}
		{B34B066F-B9C1-4FEA-B9E9-90F2E5BEB71F} = {BFA091ED-6B5A-487E-AFAC-AE21700C40BE}
		{88D01F52-DFAC-476A-A6C2-987218D54306} = {BFA091ED-6B5A-487E-AFAC-AE21700C40BE}
		{95F44EA5-CAE7-476B-A29B-9060DE3F03E3} = {BFA091ED-6B5A-487E-AFAC-AE21700C40BE}
	EndGlobalSection
	GlobalSection(ExtensibilityGlobals) = postSolution
		SolutionGuid = {8CFB0F68-43B2-4EF3-BA4F-0E57E96D0235}
	EndGlobalSection
EndGlobal
